// !$*UTF8*$!
{
	archiveVersion = 1;
	classes = {
	};
	objectVersion = 51;
	objects = {

/* Begin PBXBuildFile section */
		6FB446F8F3945CDDC231F10E /* Pods_WeatherDisplayerLBCTests.framework in Frameworks */ = {isa = PBXBuildFile; fileRef = 25B8D5F61273FFEC50364BC6 /* Pods_WeatherDisplayerLBCTests.framework */; };
		7B9514AEACD0B27D51BCED12 /* Pods_WeatherDisplayerLBCUITests.framework in Frameworks */ = {isa = PBXBuildFile; fileRef = 1F4ABB818DD11055EE643962 /* Pods_WeatherDisplayerLBCUITests.framework */; };
		817500B93A58D14E8C3F159D /* Pods_WeatherDisplayerLBC.framework in Frameworks */ = {isa = PBXBuildFile; fileRef = 1762CBD410ADF8CE3ECB229C /* Pods_WeatherDisplayerLBC.framework */; };
		B622004C23A29F3B00874B34 /* WeatherStoreTests.swift in Sources */ = {isa = PBXBuildFile; fileRef = B622004B23A29F3B00874B34 /* WeatherStoreTests.swift */; };
		B622004E23A29FAA00874B34 /* WeatherStore.swift in Sources */ = {isa = PBXBuildFile; fileRef = B622004D23A29FAA00874B34 /* WeatherStore.swift */; };
		B622005223A2A4C300874B34 /* WeatherRouterTests.swift in Sources */ = {isa = PBXBuildFile; fileRef = B622005123A2A4C300874B34 /* WeatherRouterTests.swift */; };
		B622005423A2A53E00874B34 /* WeatherRouter.swift in Sources */ = {isa = PBXBuildFile; fileRef = B622005323A2A53E00874B34 /* WeatherRouter.swift */; };
		B638B0EE23AB896300FBE8C5 /* DetailsViewModel.swift in Sources */ = {isa = PBXBuildFile; fileRef = B638B0ED23AB896300FBE8C5 /* DetailsViewModel.swift */; };
		B638B0F023AB953200FBE8C5 /* BoundLabel.swift in Sources */ = {isa = PBXBuildFile; fileRef = B638B0EF23AB953200FBE8C5 /* BoundLabel.swift */; };
		B6536DAF23981B180068AD57 /* AppDelegate.swift in Sources */ = {isa = PBXBuildFile; fileRef = B6536DAE23981B180068AD57 /* AppDelegate.swift */; };
		B6536DB123981B180068AD57 /* SceneDelegate.swift in Sources */ = {isa = PBXBuildFile; fileRef = B6536DB023981B180068AD57 /* SceneDelegate.swift */; };
		B6536DB623981B180068AD57 /* Main.storyboard in Resources */ = {isa = PBXBuildFile; fileRef = B6536DB423981B180068AD57 /* Main.storyboard */; };
		B6536DB823981B190068AD57 /* Assets.xcassets in Resources */ = {isa = PBXBuildFile; fileRef = B6536DB723981B190068AD57 /* Assets.xcassets */; };
		B6536DBB23981B190068AD57 /* LaunchScreen.storyboard in Resources */ = {isa = PBXBuildFile; fileRef = B6536DB923981B190068AD57 /* LaunchScreen.storyboard */; };
		B6536DC623981B1A0068AD57 /* WeatherDisplayerLBCTests.swift in Sources */ = {isa = PBXBuildFile; fileRef = B6536DC523981B1A0068AD57 /* WeatherDisplayerLBCTests.swift */; };
		B6536DD123981B1A0068AD57 /* WeatherDisplayerLBCUITests.swift in Sources */ = {isa = PBXBuildFile; fileRef = B6536DD023981B1A0068AD57 /* WeatherDisplayerLBCUITests.swift */; };
		B663C5DC23A66E1E0056C8E9 /* MapManagerTests.swift in Sources */ = {isa = PBXBuildFile; fileRef = B663C5DB23A66E1E0056C8E9 /* MapManagerTests.swift */; };
		B663C5DE23A6871C0056C8E9 /* MapManager.swift in Sources */ = {isa = PBXBuildFile; fileRef = B663C5DD23A6871C0056C8E9 /* MapManager.swift */; };
		B663C5E123A6A6A90056C8E9 /* MapManagerDelegate.swift in Sources */ = {isa = PBXBuildFile; fileRef = B663C5E023A6A6A90056C8E9 /* MapManagerDelegate.swift */; };
		B6728CFC23A3C30A00117886 /* Prediction.swift in Sources */ = {isa = PBXBuildFile; fileRef = B6728CFB23A3C30A00117886 /* Prediction.swift */; };
		B6728CFE23A3C39D00117886 /* PredictionTests.swift in Sources */ = {isa = PBXBuildFile; fileRef = B6728CFD23A3C39D00117886 /* PredictionTests.swift */; };
		B6728D0023A3EF1500117886 /* WeatherManagerTests.swift in Sources */ = {isa = PBXBuildFile; fileRef = B6728CFF23A3EF1500117886 /* WeatherManagerTests.swift */; };
		B6728D0323A3EFC200117886 /* WeatherManager.swift in Sources */ = {isa = PBXBuildFile; fileRef = B6728D0223A3EFC200117886 /* WeatherManager.swift */; };
		B67D792A23A92D6C00515312 /* WeatherDisplayerViewModel.swift in Sources */ = {isa = PBXBuildFile; fileRef = B67D792923A92D6C00515312 /* WeatherDisplayerViewModel.swift */; };
		B67D792C23A9309600515312 /* WeatherResultsViewController.swift in Sources */ = {isa = PBXBuildFile; fileRef = B67D792B23A9309600515312 /* WeatherResultsViewController.swift */; };
		B67D792F23A9311900515312 /* AttributionCell.swift in Sources */ = {isa = PBXBuildFile; fileRef = B67D792E23A9311900515312 /* AttributionCell.swift */; };
		B67D793123A9312E00515312 /* InformationCell.swift in Sources */ = {isa = PBXBuildFile; fileRef = B67D793023A9312E00515312 /* InformationCell.swift */; };
		B67D793323A9314200515312 /* WeatherPredictionCell.swift in Sources */ = {isa = PBXBuildFile; fileRef = B67D793223A9314200515312 /* WeatherPredictionCell.swift */; };
		B67D793523A9359100515312 /* AttributionWebViewController.swift in Sources */ = {isa = PBXBuildFile; fileRef = B67D793423A9359100515312 /* AttributionWebViewController.swift */; };
		B69D14FC23A95A1C00A18C63 /* MapViewDelegate.swift in Sources */ = {isa = PBXBuildFile; fileRef = B69D14FB23A95A1C00A18C63 /* MapViewDelegate.swift */; };
		B69D14FE23A962D100A18C63 /* Settings.bundle in Resources */ = {isa = PBXBuildFile; fileRef = B69D14FD23A962D100A18C63 /* Settings.bundle */; };
		B69D150023A9652B00A18C63 /* Settings.swift in Sources */ = {isa = PBXBuildFile; fileRef = B69D14FF23A9652B00A18C63 /* Settings.swift */; };
		B69D150223A9BF2000A18C63 /* Details.swift in Sources */ = {isa = PBXBuildFile; fileRef = B69D150123A9BF2000A18C63 /* Details.swift */; };
		B69D150423AA663200A18C63 /* BoundTF.swift in Sources */ = {isa = PBXBuildFile; fileRef = B69D150323AA663200A18C63 /* BoundTF.swift */; };
		B69D150723AA66E400A18C63 /* Observable.swift in Sources */ = {isa = PBXBuildFile; fileRef = B69D150623AA66E400A18C63 /* Observable.swift */; };
		B69D150923AA67C200A18C63 /* ObservableTests.swift in Sources */ = {isa = PBXBuildFile; fileRef = B69D150823AA67C200A18C63 /* ObservableTests.swift */; };
		B69D150B23AA961600A18C63 /* WeatherDisplayerCellViewModels.swift in Sources */ = {isa = PBXBuildFile; fileRef = B69D150A23AA961600A18C63 /* WeatherDisplayerCellViewModels.swift */; };
		B6A36792239EAD8700F772FB /* GoogleService-Info.plist in Resources */ = {isa = PBXBuildFile; fileRef = B6A36791239EAD8700F772FB /* GoogleService-Info.plist */; };
		B6DA50F523A2F0650087D641 /* Constants.swift in Sources */ = {isa = PBXBuildFile; fileRef = B6DA50F423A2F0650087D641 /* Constants.swift */; };
		B6DA50F723A2F3B60087D641 /* PredictionManager.swift in Sources */ = {isa = PBXBuildFile; fileRef = B6DA50F623A2F3B60087D641 /* PredictionManager.swift */; };
		B6DA50FA23A2F4080087D641 /* PredictionError.swift in Sources */ = {isa = PBXBuildFile; fileRef = B6DA50F923A2F4080087D641 /* PredictionError.swift */; };
		B6DA50FC23A2F4390087D641 /* PredictionCoders.swift in Sources */ = {isa = PBXBuildFile; fileRef = B6DA50FB23A2F4390087D641 /* PredictionCoders.swift */; };
		B6DA50FE23A2F5480087D641 /* PredictionsStore.swift in Sources */ = {isa = PBXBuildFile; fileRef = B6DA50FD23A2F5480087D641 /* PredictionsStore.swift */; };
		B6DA510023A2F5C40087D641 /* PredictionManagerTests.swift in Sources */ = {isa = PBXBuildFile; fileRef = B6DA50FF23A2F5C40087D641 /* PredictionManagerTests.swift */; };
/* End PBXBuildFile section */

/* Begin PBXContainerItemProxy section */
		B6536DC223981B1A0068AD57 /* PBXContainerItemProxy */ = {
			isa = PBXContainerItemProxy;
			containerPortal = B6536DA323981B180068AD57 /* Project object */;
			proxyType = 1;
			remoteGlobalIDString = B6536DAA23981B180068AD57;
			remoteInfo = WeatherDisplayerLBC;
		};
		B6536DCD23981B1A0068AD57 /* PBXContainerItemProxy */ = {
			isa = PBXContainerItemProxy;
			containerPortal = B6536DA323981B180068AD57 /* Project object */;
			proxyType = 1;
			remoteGlobalIDString = B6536DAA23981B180068AD57;
			remoteInfo = WeatherDisplayerLBC;
		};
/* End PBXContainerItemProxy section */

/* Begin PBXFileReference section */
		1762CBD410ADF8CE3ECB229C /* Pods_WeatherDisplayerLBC.framework */ = {isa = PBXFileReference; explicitFileType = wrapper.framework; includeInIndex = 0; path = Pods_WeatherDisplayerLBC.framework; sourceTree = BUILT_PRODUCTS_DIR; };
		1F4ABB818DD11055EE643962 /* Pods_WeatherDisplayerLBCUITests.framework */ = {isa = PBXFileReference; explicitFileType = wrapper.framework; includeInIndex = 0; path = Pods_WeatherDisplayerLBCUITests.framework; sourceTree = BUILT_PRODUCTS_DIR; };
		25B8D5F61273FFEC50364BC6 /* Pods_WeatherDisplayerLBCTests.framework */ = {isa = PBXFileReference; explicitFileType = wrapper.framework; includeInIndex = 0; path = Pods_WeatherDisplayerLBCTests.framework; sourceTree = BUILT_PRODUCTS_DIR; };
		3CABCB07184787F5D9BF3FC3 /* Pods-WeatherDisplayerLBCUITests.release.xcconfig */ = {isa = PBXFileReference; includeInIndex = 1; lastKnownFileType = text.xcconfig; name = "Pods-WeatherDisplayerLBCUITests.release.xcconfig"; path = "Target Support Files/Pods-WeatherDisplayerLBCUITests/Pods-WeatherDisplayerLBCUITests.release.xcconfig"; sourceTree = "<group>"; };
		9E002123D861DB1BDDA90669 /* Pods-WeatherDisplayerLBC.debug.xcconfig */ = {isa = PBXFileReference; includeInIndex = 1; lastKnownFileType = text.xcconfig; name = "Pods-WeatherDisplayerLBC.debug.xcconfig"; path = "Target Support Files/Pods-WeatherDisplayerLBC/Pods-WeatherDisplayerLBC.debug.xcconfig"; sourceTree = "<group>"; };
		A32EBA8AC8597A383D9E36BF /* Pods-WeatherDisplayerLBCUITests.debug.xcconfig */ = {isa = PBXFileReference; includeInIndex = 1; lastKnownFileType = text.xcconfig; name = "Pods-WeatherDisplayerLBCUITests.debug.xcconfig"; path = "Target Support Files/Pods-WeatherDisplayerLBCUITests/Pods-WeatherDisplayerLBCUITests.debug.xcconfig"; sourceTree = "<group>"; };
		ADB2F80239D84182369DD020 /* Pods-WeatherDisplayerLBCTests.debug.xcconfig */ = {isa = PBXFileReference; includeInIndex = 1; lastKnownFileType = text.xcconfig; name = "Pods-WeatherDisplayerLBCTests.debug.xcconfig"; path = "Target Support Files/Pods-WeatherDisplayerLBCTests/Pods-WeatherDisplayerLBCTests.debug.xcconfig"; sourceTree = "<group>"; };
		B622004B23A29F3B00874B34 /* WeatherStoreTests.swift */ = {isa = PBXFileReference; lastKnownFileType = sourcecode.swift; path = WeatherStoreTests.swift; sourceTree = "<group>"; };
		B622004D23A29FAA00874B34 /* WeatherStore.swift */ = {isa = PBXFileReference; lastKnownFileType = sourcecode.swift; path = WeatherStore.swift; sourceTree = "<group>"; };
		B622005123A2A4C300874B34 /* WeatherRouterTests.swift */ = {isa = PBXFileReference; lastKnownFileType = sourcecode.swift; path = WeatherRouterTests.swift; sourceTree = "<group>"; };
		B622005323A2A53E00874B34 /* WeatherRouter.swift */ = {isa = PBXFileReference; lastKnownFileType = sourcecode.swift; path = WeatherRouter.swift; sourceTree = "<group>"; };
		B638B0ED23AB896300FBE8C5 /* DetailsViewModel.swift */ = {isa = PBXFileReference; lastKnownFileType = sourcecode.swift; path = DetailsViewModel.swift; sourceTree = "<group>"; };
		B638B0EF23AB953200FBE8C5 /* BoundLabel.swift */ = {isa = PBXFileReference; lastKnownFileType = sourcecode.swift; path = BoundLabel.swift; sourceTree = "<group>"; };
		B6536DAB23981B180068AD57 /* WeatherDisplayerLBC.app */ = {isa = PBXFileReference; explicitFileType = wrapper.application; includeInIndex = 0; path = WeatherDisplayerLBC.app; sourceTree = BUILT_PRODUCTS_DIR; };
		B6536DAE23981B180068AD57 /* AppDelegate.swift */ = {isa = PBXFileReference; lastKnownFileType = sourcecode.swift; path = AppDelegate.swift; sourceTree = "<group>"; };
		B6536DB023981B180068AD57 /* SceneDelegate.swift */ = {isa = PBXFileReference; lastKnownFileType = sourcecode.swift; path = SceneDelegate.swift; sourceTree = "<group>"; };
		B6536DB523981B180068AD57 /* Base */ = {isa = PBXFileReference; lastKnownFileType = file.storyboard; name = Base; path = Base.lproj/Main.storyboard; sourceTree = "<group>"; };
		B6536DB723981B190068AD57 /* Assets.xcassets */ = {isa = PBXFileReference; lastKnownFileType = folder.assetcatalog; path = Assets.xcassets; sourceTree = "<group>"; };
		B6536DBA23981B190068AD57 /* Base */ = {isa = PBXFileReference; lastKnownFileType = file.storyboard; name = Base; path = Base.lproj/LaunchScreen.storyboard; sourceTree = "<group>"; };
		B6536DBC23981B190068AD57 /* Info.plist */ = {isa = PBXFileReference; lastKnownFileType = text.plist.xml; path = Info.plist; sourceTree = "<group>"; };
		B6536DC123981B1A0068AD57 /* WeatherDisplayerLBCTests.xctest */ = {isa = PBXFileReference; explicitFileType = wrapper.cfbundle; includeInIndex = 0; path = WeatherDisplayerLBCTests.xctest; sourceTree = BUILT_PRODUCTS_DIR; };
		B6536DC523981B1A0068AD57 /* WeatherDisplayerLBCTests.swift */ = {isa = PBXFileReference; lastKnownFileType = sourcecode.swift; path = WeatherDisplayerLBCTests.swift; sourceTree = "<group>"; };
		B6536DC723981B1A0068AD57 /* Info.plist */ = {isa = PBXFileReference; lastKnownFileType = text.plist.xml; path = Info.plist; sourceTree = "<group>"; };
		B6536DCC23981B1A0068AD57 /* WeatherDisplayerLBCUITests.xctest */ = {isa = PBXFileReference; explicitFileType = wrapper.cfbundle; includeInIndex = 0; path = WeatherDisplayerLBCUITests.xctest; sourceTree = BUILT_PRODUCTS_DIR; };
		B6536DD023981B1A0068AD57 /* WeatherDisplayerLBCUITests.swift */ = {isa = PBXFileReference; lastKnownFileType = sourcecode.swift; path = WeatherDisplayerLBCUITests.swift; sourceTree = "<group>"; };
		B6536DD223981B1A0068AD57 /* Info.plist */ = {isa = PBXFileReference; lastKnownFileType = text.plist.xml; path = Info.plist; sourceTree = "<group>"; };
		B6536E1B23981BC70068AD57 /* Rules.md */ = {isa = PBXFileReference; lastKnownFileType = net.daringfireball.markdown; path = Rules.md; sourceTree = "<group>"; };
		B663C5DB23A66E1E0056C8E9 /* MapManagerTests.swift */ = {isa = PBXFileReference; lastKnownFileType = sourcecode.swift; path = MapManagerTests.swift; sourceTree = "<group>"; };
		B663C5DD23A6871C0056C8E9 /* MapManager.swift */ = {isa = PBXFileReference; lastKnownFileType = sourcecode.swift; path = MapManager.swift; sourceTree = "<group>"; };
		B663C5E023A6A6A90056C8E9 /* MapManagerDelegate.swift */ = {isa = PBXFileReference; lastKnownFileType = sourcecode.swift; path = MapManagerDelegate.swift; sourceTree = "<group>"; };
		B6728CFB23A3C30A00117886 /* Prediction.swift */ = {isa = PBXFileReference; lastKnownFileType = sourcecode.swift; path = Prediction.swift; sourceTree = "<group>"; };
		B6728CFD23A3C39D00117886 /* PredictionTests.swift */ = {isa = PBXFileReference; lastKnownFileType = sourcecode.swift; path = PredictionTests.swift; sourceTree = "<group>"; };
		B6728CFF23A3EF1500117886 /* WeatherManagerTests.swift */ = {isa = PBXFileReference; lastKnownFileType = sourcecode.swift; path = WeatherManagerTests.swift; sourceTree = "<group>"; };
		B6728D0223A3EFC200117886 /* WeatherManager.swift */ = {isa = PBXFileReference; lastKnownFileType = sourcecode.swift; path = WeatherManager.swift; sourceTree = "<group>"; };
		B67D792923A92D6C00515312 /* WeatherDisplayerViewModel.swift */ = {isa = PBXFileReference; lastKnownFileType = sourcecode.swift; path = WeatherDisplayerViewModel.swift; sourceTree = "<group>"; };
		B67D792B23A9309600515312 /* WeatherResultsViewController.swift */ = {isa = PBXFileReference; lastKnownFileType = sourcecode.swift; path = WeatherResultsViewController.swift; sourceTree = "<group>"; };
		B67D792E23A9311900515312 /* AttributionCell.swift */ = {isa = PBXFileReference; lastKnownFileType = sourcecode.swift; path = AttributionCell.swift; sourceTree = "<group>"; };
		B67D793023A9312E00515312 /* InformationCell.swift */ = {isa = PBXFileReference; lastKnownFileType = sourcecode.swift; path = InformationCell.swift; sourceTree = "<group>"; };
		B67D793223A9314200515312 /* WeatherPredictionCell.swift */ = {isa = PBXFileReference; lastKnownFileType = sourcecode.swift; path = WeatherPredictionCell.swift; sourceTree = "<group>"; };
		B67D793423A9359100515312 /* AttributionWebViewController.swift */ = {isa = PBXFileReference; lastKnownFileType = sourcecode.swift; path = AttributionWebViewController.swift; sourceTree = "<group>"; };
		B69D14FB23A95A1C00A18C63 /* MapViewDelegate.swift */ = {isa = PBXFileReference; lastKnownFileType = sourcecode.swift; path = MapViewDelegate.swift; sourceTree = "<group>"; };
		B69D14FD23A962D100A18C63 /* Settings.bundle */ = {isa = PBXFileReference; lastKnownFileType = "wrapper.plug-in"; path = Settings.bundle; sourceTree = "<group>"; };
		B69D14FF23A9652B00A18C63 /* Settings.swift */ = {isa = PBXFileReference; lastKnownFileType = sourcecode.swift; path = Settings.swift; sourceTree = "<group>"; };
		B69D150123A9BF2000A18C63 /* Details.swift */ = {isa = PBXFileReference; lastKnownFileType = sourcecode.swift; path = Details.swift; sourceTree = "<group>"; };
		B69D150323AA663200A18C63 /* BoundTF.swift */ = {isa = PBXFileReference; lastKnownFileType = sourcecode.swift; path = BoundTF.swift; sourceTree = "<group>"; };
		B69D150623AA66E400A18C63 /* Observable.swift */ = {isa = PBXFileReference; lastKnownFileType = sourcecode.swift; path = Observable.swift; sourceTree = "<group>"; };
		B69D150823AA67C200A18C63 /* ObservableTests.swift */ = {isa = PBXFileReference; lastKnownFileType = sourcecode.swift; path = ObservableTests.swift; sourceTree = "<group>"; };
		B69D150A23AA961600A18C63 /* WeatherDisplayerCellViewModels.swift */ = {isa = PBXFileReference; lastKnownFileType = sourcecode.swift; path = WeatherDisplayerCellViewModels.swift; sourceTree = "<group>"; };
		B6A36791239EAD8700F772FB /* GoogleService-Info.plist */ = {isa = PBXFileReference; fileEncoding = 4; lastKnownFileType = text.plist.xml; path = "GoogleService-Info.plist"; sourceTree = "<group>"; };
		B6DA50F423A2F0650087D641 /* Constants.swift */ = {isa = PBXFileReference; lastKnownFileType = sourcecode.swift; path = Constants.swift; sourceTree = "<group>"; };
		B6DA50F623A2F3B60087D641 /* PredictionManager.swift */ = {isa = PBXFileReference; lastKnownFileType = sourcecode.swift; path = PredictionManager.swift; sourceTree = "<group>"; };
		B6DA50F923A2F4080087D641 /* PredictionError.swift */ = {isa = PBXFileReference; lastKnownFileType = sourcecode.swift; path = PredictionError.swift; sourceTree = "<group>"; };
		B6DA50FB23A2F4390087D641 /* PredictionCoders.swift */ = {isa = PBXFileReference; lastKnownFileType = sourcecode.swift; path = PredictionCoders.swift; sourceTree = "<group>"; };
		B6DA50FD23A2F5480087D641 /* PredictionsStore.swift */ = {isa = PBXFileReference; lastKnownFileType = sourcecode.swift; path = PredictionsStore.swift; sourceTree = "<group>"; };
		B6DA50FF23A2F5C40087D641 /* PredictionManagerTests.swift */ = {isa = PBXFileReference; lastKnownFileType = sourcecode.swift; path = PredictionManagerTests.swift; sourceTree = "<group>"; };
		E14EDF7632ED2B9148DE88A5 /* Pods-WeatherDisplayerLBCTests.release.xcconfig */ = {isa = PBXFileReference; includeInIndex = 1; lastKnownFileType = text.xcconfig; name = "Pods-WeatherDisplayerLBCTests.release.xcconfig"; path = "Target Support Files/Pods-WeatherDisplayerLBCTests/Pods-WeatherDisplayerLBCTests.release.xcconfig"; sourceTree = "<group>"; };
		E3AC7B6A024A201D1FDBF211 /* Pods-WeatherDisplayerLBC.release.xcconfig */ = {isa = PBXFileReference; includeInIndex = 1; lastKnownFileType = text.xcconfig; name = "Pods-WeatherDisplayerLBC.release.xcconfig"; path = "Target Support Files/Pods-WeatherDisplayerLBC/Pods-WeatherDisplayerLBC.release.xcconfig"; sourceTree = "<group>"; };
/* End PBXFileReference section */

/* Begin PBXFrameworksBuildPhase section */
		B6536DA823981B180068AD57 /* Frameworks */ = {
			isa = PBXFrameworksBuildPhase;
			buildActionMask = 2147483647;
			files = (
				817500B93A58D14E8C3F159D /* Pods_WeatherDisplayerLBC.framework in Frameworks */,
			);
			runOnlyForDeploymentPostprocessing = 0;
		};
		B6536DBE23981B1A0068AD57 /* Frameworks */ = {
			isa = PBXFrameworksBuildPhase;
			buildActionMask = 2147483647;
			files = (
				6FB446F8F3945CDDC231F10E /* Pods_WeatherDisplayerLBCTests.framework in Frameworks */,
			);
			runOnlyForDeploymentPostprocessing = 0;
		};
		B6536DC923981B1A0068AD57 /* Frameworks */ = {
			isa = PBXFrameworksBuildPhase;
			buildActionMask = 2147483647;
			files = (
				7B9514AEACD0B27D51BCED12 /* Pods_WeatherDisplayerLBCUITests.framework in Frameworks */,
			);
			runOnlyForDeploymentPostprocessing = 0;
		};
/* End PBXFrameworksBuildPhase section */

/* Begin PBXGroup section */
		B6536DA223981B170068AD57 = {
			isa = PBXGroup;
			children = (
				B6536DAD23981B180068AD57 /* WeatherDisplayerLBC */,
				B6536DC423981B1A0068AD57 /* WeatherDisplayerLBCTests */,
				B6536DCF23981B1A0068AD57 /* WeatherDisplayerLBCUITests */,
				B6536DAC23981B180068AD57 /* Products */,
				D93196959CA46BD9017C1F0F /* Pods */,
				D548D8112C56170D1C738D51 /* Frameworks */,
			);
			sourceTree = "<group>";
		};
		B6536DAC23981B180068AD57 /* Products */ = {
			isa = PBXGroup;
			children = (
				B6536DAB23981B180068AD57 /* WeatherDisplayerLBC.app */,
				B6536DC123981B1A0068AD57 /* WeatherDisplayerLBCTests.xctest */,
				B6536DCC23981B1A0068AD57 /* WeatherDisplayerLBCUITests.xctest */,
			);
			name = Products;
			sourceTree = "<group>";
		};
		B6536DAD23981B180068AD57 /* WeatherDisplayerLBC */ = {
			isa = PBXGroup;
			children = (
				B67D792823A92D3B00515312 /* Base */,
				B67D792623A92CEF00515312 /* ViewModels */,
				B6A3678F239EA21F00F772FB /* Models */,
				B67D792723A92D0D00515312 /* Views */,
				B6A36790239EA28D00F772FB /* Assets */,
				B6536DBC23981B190068AD57 /* Info.plist */,
				B6A36791239EAD8700F772FB /* GoogleService-Info.plist */,
				B6536E1B23981BC70068AD57 /* Rules.md */,
			);
			path = WeatherDisplayerLBC;
			sourceTree = "<group>";
		};
		B6536DC423981B1A0068AD57 /* WeatherDisplayerLBCTests */ = {
			isa = PBXGroup;
			children = (
				B6536DC523981B1A0068AD57 /* WeatherDisplayerLBCTests.swift */,
				B6536DC723981B1A0068AD57 /* Info.plist */,
				B622004B23A29F3B00874B34 /* WeatherStoreTests.swift */,
				B622005123A2A4C300874B34 /* WeatherRouterTests.swift */,
				B6DA50FF23A2F5C40087D641 /* PredictionManagerTests.swift */,
				B6728CFD23A3C39D00117886 /* PredictionTests.swift */,
				B6728CFF23A3EF1500117886 /* WeatherManagerTests.swift */,
				B663C5DB23A66E1E0056C8E9 /* MapManagerTests.swift */,
				B69D150823AA67C200A18C63 /* ObservableTests.swift */,
			);
			path = WeatherDisplayerLBCTests;
			sourceTree = "<group>";
		};
		B6536DCF23981B1A0068AD57 /* WeatherDisplayerLBCUITests */ = {
			isa = PBXGroup;
			children = (
				B6536DD023981B1A0068AD57 /* WeatherDisplayerLBCUITests.swift */,
				B6536DD223981B1A0068AD57 /* Info.plist */,
			);
			path = WeatherDisplayerLBCUITests;
			sourceTree = "<group>";
		};
		B663C5DF23A6A6970056C8E9 /* Location */ = {
			isa = PBXGroup;
			children = (
				B663C5DD23A6871C0056C8E9 /* MapManager.swift */,
				B663C5E023A6A6A90056C8E9 /* MapManagerDelegate.swift */,
			);
			path = Location;
			sourceTree = "<group>";
		};
		B6728D0123A3EF9A00117886 /* Utilities */ = {
			isa = PBXGroup;
			children = (
				B6DA50F823A2F3EF0087D641 /* PredictionManager */,
				B622004D23A29FAA00874B34 /* WeatherStore.swift */,
				B622005323A2A53E00874B34 /* WeatherRouter.swift */,
				B663C5DF23A6A6970056C8E9 /* Location */,
				B69D14FF23A9652B00A18C63 /* Settings.swift */,
			);
			path = Utilities;
			sourceTree = "<group>";
		};
		B67D792623A92CEF00515312 /* ViewModels */ = {
			isa = PBXGroup;
			children = (
				B67D792923A92D6C00515312 /* WeatherDisplayerViewModel.swift */,
				B69D150A23AA961600A18C63 /* WeatherDisplayerCellViewModels.swift */,
				B638B0ED23AB896300FBE8C5 /* DetailsViewModel.swift */,
			);
			path = ViewModels;
			sourceTree = "<group>";
		};
		B67D792723A92D0D00515312 /* Views */ = {
			isa = PBXGroup;
			children = (
				B69D150523AA663C00A18C63 /* Utilities */,
				B6536DB423981B180068AD57 /* Main.storyboard */,
				B67D792D23A930CD00515312 /* WeatherResults */,
				B67D793623A9359B00515312 /* Details */,
			);
			path = Views;
			sourceTree = "<group>";
		};
		B67D792823A92D3B00515312 /* Base */ = {
			isa = PBXGroup;
			children = (
				B6536DAE23981B180068AD57 /* AppDelegate.swift */,
				B6536DB023981B180068AD57 /* SceneDelegate.swift */,
				B6DA50F423A2F0650087D641 /* Constants.swift */,
				B69D14FD23A962D100A18C63 /* Settings.bundle */,
			);
			path = Base;
			sourceTree = "<group>";
		};
		B67D792D23A930CD00515312 /* WeatherResults */ = {
			isa = PBXGroup;
			children = (
				B67D793723A93CF300515312 /* Map */,
				B67D792B23A9309600515312 /* WeatherResultsViewController.swift */,
				B67D792E23A9311900515312 /* AttributionCell.swift */,
				B67D793023A9312E00515312 /* InformationCell.swift */,
				B67D793223A9314200515312 /* WeatherPredictionCell.swift */,
			);
			path = WeatherResults;
			sourceTree = "<group>";
		};
		B67D793623A9359B00515312 /* Details */ = {
			isa = PBXGroup;
			children = (
				B67D793423A9359100515312 /* AttributionWebViewController.swift */,
				B69D150123A9BF2000A18C63 /* Details.swift */,
			);
			path = Details;
			sourceTree = "<group>";
		};
		B67D793723A93CF300515312 /* Map */ = {
			isa = PBXGroup;
			children = (
				B69D14FB23A95A1C00A18C63 /* MapViewDelegate.swift */,
			);
			path = Map;
			sourceTree = "<group>";
		};
		B69D150523AA663C00A18C63 /* Utilities */ = {
			isa = PBXGroup;
			children = (
				B69D150323AA663200A18C63 /* BoundTF.swift */,
				B638B0EF23AB953200FBE8C5 /* BoundLabel.swift */,
				B69D150623AA66E400A18C63 /* Observable.swift */,
			);
			path = Utilities;
			sourceTree = "<group>";
		};
		B6A3678F239EA21F00F772FB /* Models */ = {
			isa = PBXGroup;
			children = (
				B6728CFB23A3C30A00117886 /* Prediction.swift */,
				B6728D0123A3EF9A00117886 /* Utilities */,
				B6728D0223A3EFC200117886 /* WeatherManager.swift */,
			);
			path = Models;
			sourceTree = "<group>";
		};
		B6A36790239EA28D00F772FB /* Assets */ = {
			isa = PBXGroup;
			children = (
				B6536DB723981B190068AD57 /* Assets.xcassets */,
				B6536DB923981B190068AD57 /* LaunchScreen.storyboard */,
			);
			path = Assets;
			sourceTree = "<group>";
		};
		B6DA50F823A2F3EF0087D641 /* PredictionManager */ = {
			isa = PBXGroup;
			children = (
				B6DA50F623A2F3B60087D641 /* PredictionManager.swift */,
				B6DA50F923A2F4080087D641 /* PredictionError.swift */,
				B6DA50FB23A2F4390087D641 /* PredictionCoders.swift */,
				B6DA50FD23A2F5480087D641 /* PredictionsStore.swift */,
			);
			path = PredictionManager;
			sourceTree = "<group>";
		};
		D548D8112C56170D1C738D51 /* Frameworks */ = {
			isa = PBXGroup;
			children = (
				1762CBD410ADF8CE3ECB229C /* Pods_WeatherDisplayerLBC.framework */,
				25B8D5F61273FFEC50364BC6 /* Pods_WeatherDisplayerLBCTests.framework */,
				1F4ABB818DD11055EE643962 /* Pods_WeatherDisplayerLBCUITests.framework */,
			);
			name = Frameworks;
			sourceTree = "<group>";
		};
		D93196959CA46BD9017C1F0F /* Pods */ = {
			isa = PBXGroup;
			children = (
				9E002123D861DB1BDDA90669 /* Pods-WeatherDisplayerLBC.debug.xcconfig */,
				E3AC7B6A024A201D1FDBF211 /* Pods-WeatherDisplayerLBC.release.xcconfig */,
				ADB2F80239D84182369DD020 /* Pods-WeatherDisplayerLBCTests.debug.xcconfig */,
				E14EDF7632ED2B9148DE88A5 /* Pods-WeatherDisplayerLBCTests.release.xcconfig */,
				A32EBA8AC8597A383D9E36BF /* Pods-WeatherDisplayerLBCUITests.debug.xcconfig */,
				3CABCB07184787F5D9BF3FC3 /* Pods-WeatherDisplayerLBCUITests.release.xcconfig */,
			);
			path = Pods;
			sourceTree = "<group>";
		};
/* End PBXGroup section */

/* Begin PBXNativeTarget section */
		B6536DAA23981B180068AD57 /* WeatherDisplayerLBC */ = {
			isa = PBXNativeTarget;
			buildConfigurationList = B6536DD523981B1A0068AD57 /* Build configuration list for PBXNativeTarget "WeatherDisplayerLBC" */;
			buildPhases = (
				2036B8A1FB15C79CE5A4CCAD /* [CP] Check Pods Manifest.lock */,
				B6536DA723981B180068AD57 /* Sources */,
				B6536DA823981B180068AD57 /* Frameworks */,
				B6536DA923981B180068AD57 /* Resources */,
				A19A76F6D2E45F4755D684BB /* [CP] Embed Pods Frameworks */,
			);
			buildRules = (
			);
			dependencies = (
			);
			name = WeatherDisplayerLBC;
			productName = WeatherDisplayerLBC;
			productReference = B6536DAB23981B180068AD57 /* WeatherDisplayerLBC.app */;
			productType = "com.apple.product-type.application";
		};
		B6536DC023981B1A0068AD57 /* WeatherDisplayerLBCTests */ = {
			isa = PBXNativeTarget;
			buildConfigurationList = B6536DD823981B1A0068AD57 /* Build configuration list for PBXNativeTarget "WeatherDisplayerLBCTests" */;
			buildPhases = (
				0DC3140C36E6EC507BF637EA /* [CP] Check Pods Manifest.lock */,
				B6536DBD23981B1A0068AD57 /* Sources */,
				B6536DBE23981B1A0068AD57 /* Frameworks */,
				B6536DBF23981B1A0068AD57 /* Resources */,
			);
			buildRules = (
			);
			dependencies = (
				B6536DC323981B1A0068AD57 /* PBXTargetDependency */,
			);
			name = WeatherDisplayerLBCTests;
			productName = WeatherDisplayerLBCTests;
			productReference = B6536DC123981B1A0068AD57 /* WeatherDisplayerLBCTests.xctest */;
			productType = "com.apple.product-type.bundle.unit-test";
		};
		B6536DCB23981B1A0068AD57 /* WeatherDisplayerLBCUITests */ = {
			isa = PBXNativeTarget;
			buildConfigurationList = B6536DDB23981B1A0068AD57 /* Build configuration list for PBXNativeTarget "WeatherDisplayerLBCUITests" */;
			buildPhases = (
				CC364803E575EE0E2BA28064 /* [CP] Check Pods Manifest.lock */,
				B6536DC823981B1A0068AD57 /* Sources */,
				B6536DC923981B1A0068AD57 /* Frameworks */,
				B6536DCA23981B1A0068AD57 /* Resources */,
			);
			buildRules = (
			);
			dependencies = (
				B6536DCE23981B1A0068AD57 /* PBXTargetDependency */,
			);
			name = WeatherDisplayerLBCUITests;
			productName = WeatherDisplayerLBCUITests;
			productReference = B6536DCC23981B1A0068AD57 /* WeatherDisplayerLBCUITests.xctest */;
			productType = "com.apple.product-type.bundle.ui-testing";
		};
/* End PBXNativeTarget section */

/* Begin PBXProject section */
		B6536DA323981B180068AD57 /* Project object */ = {
			isa = PBXProject;
			attributes = {
				LastSwiftUpdateCheck = 1120;
				LastUpgradeCheck = 1120;
				ORGANIZATIONNAME = "guillaume MAIANO";
				TargetAttributes = {
					B6536DAA23981B180068AD57 = {
						CreatedOnToolsVersion = 11.2.1;
					};
					B6536DC023981B1A0068AD57 = {
						CreatedOnToolsVersion = 11.2.1;
						TestTargetID = B6536DAA23981B180068AD57;
					};
					B6536DCB23981B1A0068AD57 = {
						CreatedOnToolsVersion = 11.2.1;
						TestTargetID = B6536DAA23981B180068AD57;
					};
				};
			};
			buildConfigurationList = B6536DA623981B180068AD57 /* Build configuration list for PBXProject "WeatherDisplayerLBC" */;
			compatibilityVersion = "Xcode 9.3";
			developmentRegion = en;
			hasScannedForEncodings = 0;
			knownRegions = (
				en,
				Base,
			);
			mainGroup = B6536DA223981B170068AD57;
			productRefGroup = B6536DAC23981B180068AD57 /* Products */;
			projectDirPath = "";
			projectRoot = "";
			targets = (
				B6536DAA23981B180068AD57 /* WeatherDisplayerLBC */,
				B6536DC023981B1A0068AD57 /* WeatherDisplayerLBCTests */,
				B6536DCB23981B1A0068AD57 /* WeatherDisplayerLBCUITests */,
			);
		};
/* End PBXProject section */

/* Begin PBXResourcesBuildPhase section */
		B6536DA923981B180068AD57 /* Resources */ = {
			isa = PBXResourcesBuildPhase;
			buildActionMask = 2147483647;
			files = (
				B6536DBB23981B190068AD57 /* LaunchScreen.storyboard in Resources */,
				B6A36792239EAD8700F772FB /* GoogleService-Info.plist in Resources */,
				B69D14FE23A962D100A18C63 /* Settings.bundle in Resources */,
				B6536DB823981B190068AD57 /* Assets.xcassets in Resources */,
				B6536DB623981B180068AD57 /* Main.storyboard in Resources */,
			);
			runOnlyForDeploymentPostprocessing = 0;
		};
		B6536DBF23981B1A0068AD57 /* Resources */ = {
			isa = PBXResourcesBuildPhase;
			buildActionMask = 2147483647;
			files = (
			);
			runOnlyForDeploymentPostprocessing = 0;
		};
		B6536DCA23981B1A0068AD57 /* Resources */ = {
			isa = PBXResourcesBuildPhase;
			buildActionMask = 2147483647;
			files = (
			);
			runOnlyForDeploymentPostprocessing = 0;
		};
/* End PBXResourcesBuildPhase section */

/* Begin PBXShellScriptBuildPhase section */
		0DC3140C36E6EC507BF637EA /* [CP] Check Pods Manifest.lock */ = {
			isa = PBXShellScriptBuildPhase;
			buildActionMask = 2147483647;
			files = (
			);
			inputFileListPaths = (
			);
			inputPaths = (
				"${PODS_PODFILE_DIR_PATH}/Podfile.lock",
				"${PODS_ROOT}/Manifest.lock",
			);
			name = "[CP] Check Pods Manifest.lock";
			outputFileListPaths = (
			);
			outputPaths = (
				"$(DERIVED_FILE_DIR)/Pods-WeatherDisplayerLBCTests-checkManifestLockResult.txt",
			);
			runOnlyForDeploymentPostprocessing = 0;
			shellPath = /bin/sh;
			shellScript = "diff \"${PODS_PODFILE_DIR_PATH}/Podfile.lock\" \"${PODS_ROOT}/Manifest.lock\" > /dev/null\nif [ $? != 0 ] ; then\n    # print error to STDERR\n    echo \"error: The sandbox is not in sync with the Podfile.lock. Run 'pod install' or update your CocoaPods installation.\" >&2\n    exit 1\nfi\n# This output is used by Xcode 'outputs' to avoid re-running this script phase.\necho \"SUCCESS\" > \"${SCRIPT_OUTPUT_FILE_0}\"\n";
			showEnvVarsInLog = 0;
		};
		2036B8A1FB15C79CE5A4CCAD /* [CP] Check Pods Manifest.lock */ = {
			isa = PBXShellScriptBuildPhase;
			buildActionMask = 2147483647;
			files = (
			);
			inputFileListPaths = (
			);
			inputPaths = (
				"${PODS_PODFILE_DIR_PATH}/Podfile.lock",
				"${PODS_ROOT}/Manifest.lock",
			);
			name = "[CP] Check Pods Manifest.lock";
			outputFileListPaths = (
			);
			outputPaths = (
				"$(DERIVED_FILE_DIR)/Pods-WeatherDisplayerLBC-checkManifestLockResult.txt",
			);
			runOnlyForDeploymentPostprocessing = 0;
			shellPath = /bin/sh;
			shellScript = "diff \"${PODS_PODFILE_DIR_PATH}/Podfile.lock\" \"${PODS_ROOT}/Manifest.lock\" > /dev/null\nif [ $? != 0 ] ; then\n    # print error to STDERR\n    echo \"error: The sandbox is not in sync with the Podfile.lock. Run 'pod install' or update your CocoaPods installation.\" >&2\n    exit 1\nfi\n# This output is used by Xcode 'outputs' to avoid re-running this script phase.\necho \"SUCCESS\" > \"${SCRIPT_OUTPUT_FILE_0}\"\n";
			showEnvVarsInLog = 0;
		};
		A19A76F6D2E45F4755D684BB /* [CP] Embed Pods Frameworks */ = {
			isa = PBXShellScriptBuildPhase;
			buildActionMask = 2147483647;
			files = (
			);
			inputFileListPaths = (
				"${PODS_ROOT}/Target Support Files/Pods-WeatherDisplayerLBC/Pods-WeatherDisplayerLBC-frameworks-${CONFIGURATION}-input-files.xcfilelist",
			);
			name = "[CP] Embed Pods Frameworks";
			outputFileListPaths = (
				"${PODS_ROOT}/Target Support Files/Pods-WeatherDisplayerLBC/Pods-WeatherDisplayerLBC-frameworks-${CONFIGURATION}-output-files.xcfilelist",
			);
			runOnlyForDeploymentPostprocessing = 0;
			shellPath = /bin/sh;
			shellScript = "\"${PODS_ROOT}/Target Support Files/Pods-WeatherDisplayerLBC/Pods-WeatherDisplayerLBC-frameworks.sh\"\n";
			showEnvVarsInLog = 0;
		};
		CC364803E575EE0E2BA28064 /* [CP] Check Pods Manifest.lock */ = {
			isa = PBXShellScriptBuildPhase;
			buildActionMask = 2147483647;
			files = (
			);
			inputFileListPaths = (
			);
			inputPaths = (
				"${PODS_PODFILE_DIR_PATH}/Podfile.lock",
				"${PODS_ROOT}/Manifest.lock",
			);
			name = "[CP] Check Pods Manifest.lock";
			outputFileListPaths = (
			);
			outputPaths = (
				"$(DERIVED_FILE_DIR)/Pods-WeatherDisplayerLBCUITests-checkManifestLockResult.txt",
			);
			runOnlyForDeploymentPostprocessing = 0;
			shellPath = /bin/sh;
			shellScript = "diff \"${PODS_PODFILE_DIR_PATH}/Podfile.lock\" \"${PODS_ROOT}/Manifest.lock\" > /dev/null\nif [ $? != 0 ] ; then\n    # print error to STDERR\n    echo \"error: The sandbox is not in sync with the Podfile.lock. Run 'pod install' or update your CocoaPods installation.\" >&2\n    exit 1\nfi\n# This output is used by Xcode 'outputs' to avoid re-running this script phase.\necho \"SUCCESS\" > \"${SCRIPT_OUTPUT_FILE_0}\"\n";
			showEnvVarsInLog = 0;
		};
/* End PBXShellScriptBuildPhase section */

/* Begin PBXSourcesBuildPhase section */
		B6536DA723981B180068AD57 /* Sources */ = {
			isa = PBXSourcesBuildPhase;
			buildActionMask = 2147483647;
			files = (
				B6DA50FA23A2F4080087D641 /* PredictionError.swift in Sources */,
				B67D793523A9359100515312 /* AttributionWebViewController.swift in Sources */,
				B6DA50F523A2F0650087D641 /* Constants.swift in Sources */,
				B67D792C23A9309600515312 /* WeatherResultsViewController.swift in Sources */,
				B67D793323A9314200515312 /* WeatherPredictionCell.swift in Sources */,
				B67D793123A9312E00515312 /* InformationCell.swift in Sources */,
				B69D150B23AA961600A18C63 /* WeatherDisplayerCellViewModels.swift in Sources */,
				B69D150223A9BF2000A18C63 /* Details.swift in Sources */,
				B6DA50FC23A2F4390087D641 /* PredictionCoders.swift in Sources */,
				B622004E23A29FAA00874B34 /* WeatherStore.swift in Sources */,
				B67D792F23A9311900515312 /* AttributionCell.swift in Sources */,
				B663C5DE23A6871C0056C8E9 /* MapManager.swift in Sources */,
				B6DA50FE23A2F5480087D641 /* PredictionsStore.swift in Sources */,
				B663C5E123A6A6A90056C8E9 /* MapManagerDelegate.swift in Sources */,
				B67D792A23A92D6C00515312 /* WeatherDisplayerViewModel.swift in Sources */,
				B69D150423AA663200A18C63 /* BoundTF.swift in Sources */,
				B638B0F023AB953200FBE8C5 /* BoundLabel.swift in Sources */,
				B6DA50F723A2F3B60087D641 /* PredictionManager.swift in Sources */,
				B638B0EE23AB896300FBE8C5 /* DetailsViewModel.swift in Sources */,
				B69D150723AA66E400A18C63 /* Observable.swift in Sources */,
				B6728D0323A3EFC200117886 /* WeatherManager.swift in Sources */,
				B6536DAF23981B180068AD57 /* AppDelegate.swift in Sources */,
				B69D14FC23A95A1C00A18C63 /* MapViewDelegate.swift in Sources */,
				B6536DB123981B180068AD57 /* SceneDelegate.swift in Sources */,
				B69D150023A9652B00A18C63 /* Settings.swift in Sources */,
				B6728CFC23A3C30A00117886 /* Prediction.swift in Sources */,
				B622005423A2A53E00874B34 /* WeatherRouter.swift in Sources */,
			);
			runOnlyForDeploymentPostprocessing = 0;
		};
		B6536DBD23981B1A0068AD57 /* Sources */ = {
			isa = PBXSourcesBuildPhase;
			buildActionMask = 2147483647;
			files = (
				B69D150923AA67C200A18C63 /* ObservableTests.swift in Sources */,
				B622004C23A29F3B00874B34 /* WeatherStoreTests.swift in Sources */,
				B6536DC623981B1A0068AD57 /* WeatherDisplayerLBCTests.swift in Sources */,
				B6728D0023A3EF1500117886 /* WeatherManagerTests.swift in Sources */,
				B6728CFE23A3C39D00117886 /* PredictionTests.swift in Sources */,
				B663C5DC23A66E1E0056C8E9 /* MapManagerTests.swift in Sources */,
				B6DA510023A2F5C40087D641 /* PredictionManagerTests.swift in Sources */,
				B622005223A2A4C300874B34 /* WeatherRouterTests.swift in Sources */,
			);
			runOnlyForDeploymentPostprocessing = 0;
		};
		B6536DC823981B1A0068AD57 /* Sources */ = {
			isa = PBXSourcesBuildPhase;
			buildActionMask = 2147483647;
			files = (
				B6536DD123981B1A0068AD57 /* WeatherDisplayerLBCUITests.swift in Sources */,
			);
			runOnlyForDeploymentPostprocessing = 0;
		};
/* End PBXSourcesBuildPhase section */

/* Begin PBXTargetDependency section */
		B6536DC323981B1A0068AD57 /* PBXTargetDependency */ = {
			isa = PBXTargetDependency;
			target = B6536DAA23981B180068AD57 /* WeatherDisplayerLBC */;
			targetProxy = B6536DC223981B1A0068AD57 /* PBXContainerItemProxy */;
		};
		B6536DCE23981B1A0068AD57 /* PBXTargetDependency */ = {
			isa = PBXTargetDependency;
			target = B6536DAA23981B180068AD57 /* WeatherDisplayerLBC */;
			targetProxy = B6536DCD23981B1A0068AD57 /* PBXContainerItemProxy */;
		};
/* End PBXTargetDependency section */

/* Begin PBXVariantGroup section */
		B6536DB423981B180068AD57 /* Main.storyboard */ = {
			isa = PBXVariantGroup;
			children = (
				B6536DB523981B180068AD57 /* Base */,
			);
			name = Main.storyboard;
			sourceTree = "<group>";
		};
		B6536DB923981B190068AD57 /* LaunchScreen.storyboard */ = {
			isa = PBXVariantGroup;
			children = (
				B6536DBA23981B190068AD57 /* Base */,
			);
			name = LaunchScreen.storyboard;
			sourceTree = "<group>";
		};
/* End PBXVariantGroup section */

/* Begin XCBuildConfiguration section */
		B6536DD323981B1A0068AD57 /* Debug */ = {
			isa = XCBuildConfiguration;
			buildSettings = {
				ALWAYS_SEARCH_USER_PATHS = NO;
				CLANG_ANALYZER_NONNULL = YES;
				CLANG_ANALYZER_NUMBER_OBJECT_CONVERSION = YES_AGGRESSIVE;
				CLANG_CXX_LANGUAGE_STANDARD = "gnu++14";
				CLANG_CXX_LIBRARY = "libc++";
				CLANG_ENABLE_MODULES = YES;
				CLANG_ENABLE_OBJC_ARC = YES;
				CLANG_ENABLE_OBJC_WEAK = YES;
				CLANG_WARN_BLOCK_CAPTURE_AUTORELEASING = YES;
				CLANG_WARN_BOOL_CONVERSION = YES;
				CLANG_WARN_COMMA = YES;
				CLANG_WARN_CONSTANT_CONVERSION = YES;
				CLANG_WARN_DEPRECATED_OBJC_IMPLEMENTATIONS = YES;
				CLANG_WARN_DIRECT_OBJC_ISA_USAGE = YES_ERROR;
				CLANG_WARN_DOCUMENTATION_COMMENTS = YES;
				CLANG_WARN_EMPTY_BODY = YES;
				CLANG_WARN_ENUM_CONVERSION = YES;
				CLANG_WARN_INFINITE_RECURSION = YES;
				CLANG_WARN_INT_CONVERSION = YES;
				CLANG_WARN_NON_LITERAL_NULL_CONVERSION = YES;
				CLANG_WARN_OBJC_IMPLICIT_RETAIN_SELF = YES;
				CLANG_WARN_OBJC_LITERAL_CONVERSION = YES;
				CLANG_WARN_OBJC_ROOT_CLASS = YES_ERROR;
				CLANG_WARN_RANGE_LOOP_ANALYSIS = YES;
				CLANG_WARN_STRICT_PROTOTYPES = YES;
				CLANG_WARN_SUSPICIOUS_MOVE = YES;
				CLANG_WARN_UNGUARDED_AVAILABILITY = YES_AGGRESSIVE;
				CLANG_WARN_UNREACHABLE_CODE = YES;
				CLANG_WARN__DUPLICATE_METHOD_MATCH = YES;
				COPY_PHASE_STRIP = NO;
				DEBUG_INFORMATION_FORMAT = dwarf;
				ENABLE_STRICT_OBJC_MSGSEND = YES;
				ENABLE_TESTABILITY = YES;
				GCC_C_LANGUAGE_STANDARD = gnu11;
				GCC_DYNAMIC_NO_PIC = NO;
				GCC_NO_COMMON_BLOCKS = YES;
				GCC_OPTIMIZATION_LEVEL = 0;
				GCC_PREPROCESSOR_DEFINITIONS = (
					"DEBUG=1",
					"$(inherited)",
				);
				GCC_WARN_64_TO_32_BIT_CONVERSION = YES;
				GCC_WARN_ABOUT_RETURN_TYPE = YES_ERROR;
				GCC_WARN_UNDECLARED_SELECTOR = YES;
				GCC_WARN_UNINITIALIZED_AUTOS = YES_AGGRESSIVE;
				GCC_WARN_UNUSED_FUNCTION = YES;
				GCC_WARN_UNUSED_VARIABLE = YES;
				IPHONEOS_DEPLOYMENT_TARGET = 13.2;
				MTL_ENABLE_DEBUG_INFO = INCLUDE_SOURCE;
				MTL_FAST_MATH = YES;
				ONLY_ACTIVE_ARCH = YES;
				SDKROOT = iphoneos;
				SWIFT_ACTIVE_COMPILATION_CONDITIONS = DEBUG;
				SWIFT_OPTIMIZATION_LEVEL = "-Onone";
			};
			name = Debug;
		};
		B6536DD423981B1A0068AD57 /* Release */ = {
			isa = XCBuildConfiguration;
			buildSettings = {
				ALWAYS_SEARCH_USER_PATHS = NO;
				CLANG_ANALYZER_NONNULL = YES;
				CLANG_ANALYZER_NUMBER_OBJECT_CONVERSION = YES_AGGRESSIVE;
				CLANG_CXX_LANGUAGE_STANDARD = "gnu++14";
				CLANG_CXX_LIBRARY = "libc++";
				CLANG_ENABLE_MODULES = YES;
				CLANG_ENABLE_OBJC_ARC = YES;
				CLANG_ENABLE_OBJC_WEAK = YES;
				CLANG_WARN_BLOCK_CAPTURE_AUTORELEASING = YES;
				CLANG_WARN_BOOL_CONVERSION = YES;
				CLANG_WARN_COMMA = YES;
				CLANG_WARN_CONSTANT_CONVERSION = YES;
				CLANG_WARN_DEPRECATED_OBJC_IMPLEMENTATIONS = YES;
				CLANG_WARN_DIRECT_OBJC_ISA_USAGE = YES_ERROR;
				CLANG_WARN_DOCUMENTATION_COMMENTS = YES;
				CLANG_WARN_EMPTY_BODY = YES;
				CLANG_WARN_ENUM_CONVERSION = YES;
				CLANG_WARN_INFINITE_RECURSION = YES;
				CLANG_WARN_INT_CONVERSION = YES;
				CLANG_WARN_NON_LITERAL_NULL_CONVERSION = YES;
				CLANG_WARN_OBJC_IMPLICIT_RETAIN_SELF = YES;
				CLANG_WARN_OBJC_LITERAL_CONVERSION = YES;
				CLANG_WARN_OBJC_ROOT_CLASS = YES_ERROR;
				CLANG_WARN_RANGE_LOOP_ANALYSIS = YES;
				CLANG_WARN_STRICT_PROTOTYPES = YES;
				CLANG_WARN_SUSPICIOUS_MOVE = YES;
				CLANG_WARN_UNGUARDED_AVAILABILITY = YES_AGGRESSIVE;
				CLANG_WARN_UNREACHABLE_CODE = YES;
				CLANG_WARN__DUPLICATE_METHOD_MATCH = YES;
				COPY_PHASE_STRIP = NO;
				DEBUG_INFORMATION_FORMAT = "dwarf-with-dsym";
				ENABLE_NS_ASSERTIONS = NO;
				ENABLE_STRICT_OBJC_MSGSEND = YES;
				GCC_C_LANGUAGE_STANDARD = gnu11;
				GCC_NO_COMMON_BLOCKS = YES;
				GCC_WARN_64_TO_32_BIT_CONVERSION = YES;
				GCC_WARN_ABOUT_RETURN_TYPE = YES_ERROR;
				GCC_WARN_UNDECLARED_SELECTOR = YES;
				GCC_WARN_UNINITIALIZED_AUTOS = YES_AGGRESSIVE;
				GCC_WARN_UNUSED_FUNCTION = YES;
				GCC_WARN_UNUSED_VARIABLE = YES;
				IPHONEOS_DEPLOYMENT_TARGET = 13.2;
				MTL_ENABLE_DEBUG_INFO = NO;
				MTL_FAST_MATH = YES;
				SDKROOT = iphoneos;
				SWIFT_COMPILATION_MODE = wholemodule;
				SWIFT_OPTIMIZATION_LEVEL = "-O";
				VALIDATE_PRODUCT = YES;
			};
			name = Release;
		};
		B6536DD623981B1A0068AD57 /* Debug */ = {
			isa = XCBuildConfiguration;
			baseConfigurationReference = 9E002123D861DB1BDDA90669 /* Pods-WeatherDisplayerLBC.debug.xcconfig */;
			buildSettings = {
				ASSETCATALOG_COMPILER_APPICON_NAME = AppIcon;
				CODE_SIGN_STYLE = Automatic;
				DEVELOPMENT_TEAM = 8LV2X84473;
				INFOPLIST_FILE = WeatherDisplayerLBC/Info.plist;
				LD_RUNPATH_SEARCH_PATHS = (
					"$(inherited)",
					"@executable_path/Frameworks",
				);
				PRODUCT_BUNDLE_IDENTIFIER = "fr.maiano.lbc-technicaltest";
				PRODUCT_NAME = "$(TARGET_NAME)";
				SWIFT_VERSION = 5.0;
				TARGETED_DEVICE_FAMILY = "1,2";
			};
			name = Debug;
		};
		B6536DD723981B1A0068AD57 /* Release */ = {
			isa = XCBuildConfiguration;
			baseConfigurationReference = E3AC7B6A024A201D1FDBF211 /* Pods-WeatherDisplayerLBC.release.xcconfig */;
			buildSettings = {
				ASSETCATALOG_COMPILER_APPICON_NAME = AppIcon;
				CODE_SIGN_STYLE = Automatic;
				DEVELOPMENT_TEAM = 8LV2X84473;
				INFOPLIST_FILE = WeatherDisplayerLBC/Info.plist;
				LD_RUNPATH_SEARCH_PATHS = (
					"$(inherited)",
					"@executable_path/Frameworks",
				);
				PRODUCT_BUNDLE_IDENTIFIER = "fr.maiano.lbc-technicaltest";
				PRODUCT_NAME = "$(TARGET_NAME)";
				SWIFT_VERSION = 5.0;
				TARGETED_DEVICE_FAMILY = "1,2";
			};
			name = Release;
		};
		B6536DD923981B1A0068AD57 /* Debug */ = {
			isa = XCBuildConfiguration;
			baseConfigurationReference = ADB2F80239D84182369DD020 /* Pods-WeatherDisplayerLBCTests.debug.xcconfig */;
			buildSettings = {
				ALWAYS_EMBED_SWIFT_STANDARD_LIBRARIES = YES;
				BUNDLE_LOADER = "$(TEST_HOST)";
				CODE_SIGN_STYLE = Automatic;
				DEVELOPMENT_TEAM = 8LV2X84473;
				INFOPLIST_FILE = WeatherDisplayerLBCTests/Info.plist;
				IPHONEOS_DEPLOYMENT_TARGET = 13.2;
				LD_RUNPATH_SEARCH_PATHS = (
					"$(inherited)",
					"@executable_path/Frameworks",
					"@loader_path/Frameworks",
				);
				PRODUCT_BUNDLE_IDENTIFIER = fr.maiano.WeatherDisplayerLBCTests;
				PRODUCT_NAME = "$(TARGET_NAME)";
				SWIFT_VERSION = 5.0;
				TARGETED_DEVICE_FAMILY = "1,2";
				TEST_HOST = "$(BUILT_PRODUCTS_DIR)/WeatherDisplayerLBC.app/WeatherDisplayerLBC";
			};
			name = Debug;
		};
		B6536DDA23981B1A0068AD57 /* Release */ = {
			isa = XCBuildConfiguration;
			baseConfigurationReference = E14EDF7632ED2B9148DE88A5 /* Pods-WeatherDisplayerLBCTests.release.xcconfig */;
			buildSettings = {
				ALWAYS_EMBED_SWIFT_STANDARD_LIBRARIES = YES;
				BUNDLE_LOADER = "$(TEST_HOST)";
				CODE_SIGN_STYLE = Automatic;
				DEVELOPMENT_TEAM = 8LV2X84473;
				INFOPLIST_FILE = WeatherDisplayerLBCTests/Info.plist;
				IPHONEOS_DEPLOYMENT_TARGET = 13.2;
				LD_RUNPATH_SEARCH_PATHS = (
					"$(inherited)",
					"@executable_path/Frameworks",
					"@loader_path/Frameworks",
				);
				PRODUCT_BUNDLE_IDENTIFIER = fr.maiano.WeatherDisplayerLBCTests;
				PRODUCT_NAME = "$(TARGET_NAME)";
				SWIFT_VERSION = 5.0;
				TARGETED_DEVICE_FAMILY = "1,2";
				TEST_HOST = "$(BUILT_PRODUCTS_DIR)/WeatherDisplayerLBC.app/WeatherDisplayerLBC";
			};
			name = Release;
		};
		B6536DDC23981B1A0068AD57 /* Debug */ = {
			isa = XCBuildConfiguration;
			baseConfigurationReference = A32EBA8AC8597A383D9E36BF /* Pods-WeatherDisplayerLBCUITests.debug.xcconfig */;
			buildSettings = {
				ALWAYS_EMBED_SWIFT_STANDARD_LIBRARIES = YES;
				CODE_SIGN_STYLE = Automatic;
				DEVELOPMENT_TEAM = 8LV2X84473;
				INFOPLIST_FILE = WeatherDisplayerLBCUITests/Info.plist;
				LD_RUNPATH_SEARCH_PATHS = (
					"$(inherited)",
					"@executable_path/Frameworks",
					"@loader_path/Frameworks",
				);
				PRODUCT_BUNDLE_IDENTIFIER = fr.maiano.WeatherDisplayerLBCUITests;
				PRODUCT_NAME = "$(TARGET_NAME)";
				SWIFT_VERSION = 5.0;
				TARGETED_DEVICE_FAMILY = "1,2";
				TEST_TARGET_NAME = WeatherDisplayerLBC;
			};
			name = Debug;
		};
		B6536DDD23981B1A0068AD57 /* Release */ = {
			isa = XCBuildConfiguration;
			baseConfigurationReference = 3CABCB07184787F5D9BF3FC3 /* Pods-WeatherDisplayerLBCUITests.release.xcconfig */;
			buildSettings = {
				ALWAYS_EMBED_SWIFT_STANDARD_LIBRARIES = YES;
				CODE_SIGN_STYLE = Automatic;
				DEVELOPMENT_TEAM = 8LV2X84473;
				INFOPLIST_FILE = WeatherDisplayerLBCUITests/Info.plist;
				LD_RUNPATH_SEARCH_PATHS = (
					"$(inherited)",
					"@executable_path/Frameworks",
					"@loader_path/Frameworks",
				);
				PRODUCT_BUNDLE_IDENTIFIER = fr.maiano.WeatherDisplayerLBCUITests;
				PRODUCT_NAME = "$(TARGET_NAME)";
				SWIFT_VERSION = 5.0;
				TARGETED_DEVICE_FAMILY = "1,2";
				TEST_TARGET_NAME = WeatherDisplayerLBC;
			};
			name = Release;
		};
/* End XCBuildConfiguration section */

/* Begin XCConfigurationList section */
		B6536DA623981B180068AD57 /* Build configuration list for PBXProject "WeatherDisplayerLBC" */ = {
			isa = XCConfigurationList;
			buildConfigurations = (
				B6536DD323981B1A0068AD57 /* Debug */,
				B6536DD423981B1A0068AD57 /* Release */,
			);
			defaultConfigurationIsVisible = 0;
			defaultConfigurationName = Release;
		};
		B6536DD523981B1A0068AD57 /* Build configuration list for PBXNativeTarget "WeatherDisplayerLBC" */ = {
			isa = XCConfigurationList;
			buildConfigurations = (
				B6536DD623981B1A0068AD57 /* Debug */,
				B6536DD723981B1A0068AD57 /* Release */,
			);
			defaultConfigurationIsVisible = 0;
			defaultConfigurationName = Release;
		};
		B6536DD823981B1A0068AD57 /* Build configuration list for PBXNativeTarget "WeatherDisplayerLBCTests" */ = {
			isa = XCConfigurationList;
			buildConfigurations = (
				B6536DD923981B1A0068AD57 /* Debug */,
				B6536DDA23981B1A0068AD57 /* Release */,
			);
			defaultConfigurationIsVisible = 0;
			defaultConfigurationName = Release;
		};
		B6536DDB23981B1A0068AD57 /* Build configuration list for PBXNativeTarget "WeatherDisplayerLBCUITests" */ = {
			isa = XCConfigurationList;
			buildConfigurations = (
				B6536DDC23981B1A0068AD57 /* Debug */,
				B6536DDD23981B1A0068AD57 /* Release */,
			);
			defaultConfigurationIsVisible = 0;
			defaultConfigurationName = Release;
		};
/* End XCConfigurationList section */
	};
	rootObject = B6536DA323981B180068AD57 /* Project object */;
}
